PODS:
  - bonsoir_darwin (0.0.1):
    - Flutter
    - FlutterMacOS
  - cupertino_http (0.0.1):
    - Flutter
    - FlutterMacOS
  - ffmpeg_kit_flutter_new (1.0.0):
    - ffmpeg_kit_flutter_new/full-gpl (= 1.0.0)
    - Flutter
  - ffmpeg_kit_flutter_new/full-gpl (1.0.0):
    - Flutter
  - Flutter (1.0.0)
  - flutter_local_notifications (0.0.1):
    - Flutter
  - flutter_secure_storage (6.0.0):
    - Flutter
  - fluttertoast (0.0.2):
    - Flutter
  - geolocator_apple (1.2.0):
    - Flutter
  - native_video_player (1.0.0):
    - Flutter
  - nsd_ios (0.0.1):
    - Flutter
  - onnxruntime (0.0.1):
    - Flutter
    - onnxruntime-objc (= 1.15.1)
  - onnxruntime-c (1.15.1)
  - onnxruntime-objc (1.15.1):
    - onnxruntime-objc/Core (= 1.15.1)
  - onnxruntime-objc/Core (1.15.1):
    - onnxruntime-c (= 1.15.1)
  - share_handler_ios (0.0.14):
    - Flutter
    - share_handler_ios/share_handler_ios_models (= 0.0.14)
    - share_handler_ios_models
  - share_handler_ios/share_handler_ios_models (0.0.14):
    - Flutter
    - share_handler_ios_models
  - share_handler_ios_models (0.0.9)

DEPENDENCIES:
  - bonsoir_darwin (from `.symlinks/plugins/bonsoir_darwin/darwin`)
  - cupertino_http (from `.symlinks/plugins/cupertino_http/darwin`)
  - ffmpeg_kit_flutter_new (from `.symlinks/plugins/ffmpeg_kit_flutter_new/ios`)
  - Flutter (from `Flutter`)
  - flutter_local_notifications (from `.symlinks/plugins/flutter_local_notifications/ios`)
  - flutter_secure_storage (from `.symlinks/plugins/flutter_secure_storage/ios`)
  - fluttertoast (from `.symlinks/plugins/fluttertoast/ios`)
  - geolocator_apple (from `.symlinks/plugins/geolocator_apple/ios`)
  - native_video_player (from `.symlinks/plugins/native_video_player/ios`)
  - nsd_ios (from `.symlinks/plugins/nsd_ios/ios`)
  - onnxruntime (from `.symlinks/plugins/onnxruntime/ios`)
  - share_handler_ios (from `.symlinks/plugins/share_handler_ios/ios`)
  - share_handler_ios_models (from `.symlinks/plugins/share_handler_ios/ios/Models`)

SPEC REPOS:
  trunk:
    - onnxruntime-c
    - onnxruntime-objc

EXTERNAL SOURCES:
  bonsoir_darwin:
    :path: ".symlinks/plugins/bonsoir_darwin/darwin"
  cupertino_http:
    :path: ".symlinks/plugins/cupertino_http/darwin"
  ffmpeg_kit_flutter_new:
    :path: ".symlinks/plugins/ffmpeg_kit_flutter_new/ios"
  Flutter:
    :path: Flutter
  flutter_local_notifications:
    :path: ".symlinks/plugins/flutter_local_notifications/ios"
  flutter_secure_storage:
    :path: ".symlinks/plugins/flutter_secure_storage/ios"
  fluttertoast:
    :path: ".symlinks/plugins/fluttertoast/ios"
  geolocator_apple:
    :path: ".symlinks/plugins/geolocator_apple/ios"
  native_video_player:
    :path: ".symlinks/plugins/native_video_player/ios"
  nsd_ios:
    :path: ".symlinks/plugins/nsd_ios/ios"
  onnxruntime:
    :path: ".symlinks/plugins/onnxruntime/ios"
  share_handler_ios:
    :path: ".symlinks/plugins/share_handler_ios/ios"
  share_handler_ios_models:
    :path: ".symlinks/plugins/share_handler_ios/ios/Models"

SPEC CHECKSUMS:
  bonsoir_darwin: e3b8526c42ca46a885142df84229131dfabea842
  cupertino_http: 947a233f40cfea55167a49f2facc18434ea117ba
  ffmpeg_kit_flutter_new: 57e1119b327bb2e13a091e0d73576739fb9f22f5
  Flutter: cabc95a1d2626b1b06e7179b784ebcf0c0cde467
  flutter_local_notifications: 4cde75091f6327eb8517fa068a0a5950212d2086
  flutter_secure_storage: d33dac7ae2ea08509be337e775f6b59f1ff45f12
  fluttertoast: 21eecd6935e7064cc1fcb733a4c5a428f3f24f0f
  geolocator_apple: 9bcea1918ff7f0062d98345d238ae12718acfbc1
  native_video_player: d12af78a1a4a8cf09775a5177d5b392def6fd23c
  nsd_ios: 8c37babdc6538e3350dbed3a52674d2edde98173
  onnxruntime: e9346181d75b8dea8733bdae512a22c298962e00
  onnxruntime-c: ebdcfd8650bcbd10121c125262f99dea681b92a3
  onnxruntime-objc: ae7acec7a3d03eaf072d340afed7a35635c1c2a6
  share_handler_ios: 6dd3a4ac5ca0d955274aec712ba0ecdcaf583e7c
  share_handler_ios_models: fc638c9b4330dc7f082586c92aee9dfa0b87b871

PODFILE CHECKSUM: 488d433c8677b5d9c453803499d114315fb86417

COCOAPODS: 1.16.2
